
Microsoft Visual Studio Solution File, Format Version 12.00
# Visual Studio Version 17
VisualStudioVersion = 17.8.34330.188
MinimumVisualStudioVersion = 10.0.40219.1
Project("{FAE04EC0-301F-11D3-BF4B-00C04F79EFBC}") = "DiskSpaceApi", "DiskSpaceApi\DiskSpaceApi.csproj", "{D3553012-A408-40E9-860B-8F87D9B5117B}"
EndProject
Global
	GlobalSection(SolutionConfigurationPlatforms) = preSolution
		Debug|Any CPU = Debug|Any CPU
		Release|Any CPU = Release|Any CPU
	EndGlobalSection
	GlobalSection(ProjectConfigurationPlatforms) = postSolution
		{D3553012-A408-40E9-860B-8F87D9B5117B}.Debug|Any CPU.ActiveCfg = Debug|Any CPU
		{D3553012-A408-40E9-860B-8F87D9B5117B}.Debug|Any CPU.Build.0 = Debug|Any CPU
		{D3553012-A408-40E9-860B-8F87D9B5117B}.Release|Any CPU.ActiveCfg = Release|Any CPU
		{D3553012-A408-40E9-860B-8F87D9B5117B}.Release|Any CPU.Build.0 = Release|Any CPU
	EndGlobalSection
	GlobalSection(SolutionProperties) = preSolution
		HideSolutionNode = FALSE
	EndGlobalSection
	GlobalSection(ExtensibilityGlobals) = postSolution
		SolutionGuid = {27CE3829-CFC2-416A-BCD7-30D3CC3715DC}
	EndGlobalSection
EndGlobal
